
Microsoft Visual Studio Solution File, Format Version 12.00
# Visual Studio Version 17
VisualStudioVersion = 17.9.34714.143
MinimumVisualStudioVersion = 10.0.40219.1
Project("{2150E333-8FDC-42A3-9474-1A3956D46DE8}") = "src", "src", "{929B6477-8E37-48AC-A353-9B81FD0E1164}"
EndProject
Project("{2150E333-8FDC-42A3-9474-1A3956D46DE8}") = "test", "test", "{16A3117D-E3A6-402D-8166-46AAB22017C2}"
EndProject
Project("{2150E333-8FDC-42A3-9474-1A3956D46DE8}") = "Enterprise Bussiness Rules", "Enterprise Bussiness Rules", "{F66626F8-A876-4F81-B09B-65D23FA6EBE1}"
EndProject
Project("{9A19103F-16F7-4668-BE54-9A1E7A4F7556}") = "Biblioteca.Entities", "Biblioteca.Entities\Biblioteca.Entities.csproj", "{48FA44CC-DD64-4F7F-B8EE-E07CA76BC066}"
EndProject
Project("{2150E333-8FDC-42A3-9474-1A3956D46DE8}") = "Application Bussiness Rules", "Application Bussiness Rules", "{AB6D4B81-831B-4090-9661-2517D0FB2E1E}"
EndProject
Project("{2150E333-8FDC-42A3-9474-1A3956D46DE8}") = "Interface Adapters", "Interface Adapters", "{F0B50288-C0DD-4332-926E-599D4DC50F9B}"
EndProject
Project("{2150E333-8FDC-42A3-9474-1A3956D46DE8}") = "Frameworks And Drivers", "Frameworks And Drivers", "{9735FAAE-0E4B-430F-8705-B33DA35992F3}"
EndProject
Project("{2150E333-8FDC-42A3-9474-1A3956D46DE8}") = "gateways", "gateways", "{1EE4D512-214F-4927-B4B8-320F5497E128}"
EndProject
Project("{2150E333-8FDC-42A3-9474-1A3956D46DE8}") = "UI", "UI", "{F35FF9C7-60A8-4048-AFD5-D1410674AF0F}"
EndProject
Project("{9A19103F-16F7-4668-BE54-9A1E7A4F7556}") = "Biblioteca.API", "Biblioteca.API\Biblioteca.API.csproj", "{28FC7E94-FCD8-4478-83CB-7CBC30CD23F7}"
EndProject
Project("{9A19103F-16F7-4668-BE54-9A1E7A4F7556}") = "Biblioteca.UseCases", "Biblioteca.UseCases\Biblioteca.UseCases.csproj", "{AD844487-C54B-4FFD-BB34-D5B10B9AE383}"
EndProject
Project("{9A19103F-16F7-4668-BE54-9A1E7A4F7556}") = "Biblioteca.Interfaces", "Biblioteca.Interfaces\Biblioteca.Interfaces.csproj", "{4C193E59-AAC7-4D4D-B9DF-FF18D65DE154}"
EndProject
Project("{9A19103F-16F7-4668-BE54-9A1E7A4F7556}") = "Biblioteca.DTOs", "Biblioteca.DTOs\Biblioteca.DTOs.csproj", "{716A3422-EC1C-4A79-890C-9B60C21DFCF0}"
EndProject
Project("{9A19103F-16F7-4668-BE54-9A1E7A4F7556}") = "Biblioteca.Repository.EFCore", "Biblioteca.Repository.EFCore\Biblioteca.Repository.EFCore.csproj", "{7D3A2F0E-AD6A-4EB5-921F-19CABACDC651}"
EndProject
Project("{FAE04EC0-301F-11D3-BF4B-00C04F79EFBC}") = "Biblioteca.IoC", "Biblioteca.IoC\Biblioteca.IoC.csproj", "{62823FBB-9F5A-4ECB-939A-720647B9F0DD}"
EndProject
Global
	GlobalSection(SolutionConfigurationPlatforms) = preSolution
		Debug|Any CPU = Debug|Any CPU
		Release|Any CPU = Release|Any CPU
	EndGlobalSection
	GlobalSection(ProjectConfigurationPlatforms) = postSolution
		{48FA44CC-DD64-4F7F-B8EE-E07CA76BC066}.Debug|Any CPU.ActiveCfg = Debug|Any CPU
		{48FA44CC-DD64-4F7F-B8EE-E07CA76BC066}.Debug|Any CPU.Build.0 = Debug|Any CPU
		{48FA44CC-DD64-4F7F-B8EE-E07CA76BC066}.Release|Any CPU.ActiveCfg = Release|Any CPU
		{48FA44CC-DD64-4F7F-B8EE-E07CA76BC066}.Release|Any CPU.Build.0 = Release|Any CPU
		{28FC7E94-FCD8-4478-83CB-7CBC30CD23F7}.Debug|Any CPU.ActiveCfg = Debug|Any CPU
		{28FC7E94-FCD8-4478-83CB-7CBC30CD23F7}.Debug|Any CPU.Build.0 = Debug|Any CPU
		{28FC7E94-FCD8-4478-83CB-7CBC30CD23F7}.Release|Any CPU.ActiveCfg = Release|Any CPU
		{28FC7E94-FCD8-4478-83CB-7CBC30CD23F7}.Release|Any CPU.Build.0 = Release|Any CPU
		{AD844487-C54B-4FFD-BB34-D5B10B9AE383}.Debug|Any CPU.ActiveCfg = Debug|Any CPU
		{AD844487-C54B-4FFD-BB34-D5B10B9AE383}.Debug|Any CPU.Build.0 = Debug|Any CPU
		{AD844487-C54B-4FFD-BB34-D5B10B9AE383}.Release|Any CPU.ActiveCfg = Release|Any CPU
		{AD844487-C54B-4FFD-BB34-D5B10B9AE383}.Release|Any CPU.Build.0 = Release|Any CPU
		{4C193E59-AAC7-4D4D-B9DF-FF18D65DE154}.Debug|Any CPU.ActiveCfg = Debug|Any CPU
		{4C193E59-AAC7-4D4D-B9DF-FF18D65DE154}.Debug|Any CPU.Build.0 = Debug|Any CPU
		{4C193E59-AAC7-4D4D-B9DF-FF18D65DE154}.Release|Any CPU.ActiveCfg = Release|Any CPU
		{4C193E59-AAC7-4D4D-B9DF-FF18D65DE154}.Release|Any CPU.Build.0 = Release|Any CPU
		{716A3422-EC1C-4A79-890C-9B60C21DFCF0}.Debug|Any CPU.ActiveCfg = Debug|Any CPU
		{716A3422-EC1C-4A79-890C-9B60C21DFCF0}.Debug|Any CPU.Build.0 = Debug|Any CPU
		{716A3422-EC1C-4A79-890C-9B60C21DFCF0}.Release|Any CPU.ActiveCfg = Release|Any CPU
		{716A3422-EC1C-4A79-890C-9B60C21DFCF0}.Release|Any CPU.Build.0 = Release|Any CPU
		{7D3A2F0E-AD6A-4EB5-921F-19CABACDC651}.Debug|Any CPU.ActiveCfg = Debug|Any CPU
		{7D3A2F0E-AD6A-4EB5-921F-19CABACDC651}.Debug|Any CPU.Build.0 = Debug|Any CPU
		{7D3A2F0E-AD6A-4EB5-921F-19CABACDC651}.Release|Any CPU.ActiveCfg = Release|Any CPU
		{7D3A2F0E-AD6A-4EB5-921F-19CABACDC651}.Release|Any CPU.Build.0 = Release|Any CPU
		{62823FBB-9F5A-4ECB-939A-720647B9F0DD}.Debug|Any CPU.ActiveCfg = Debug|Any CPU
		{62823FBB-9F5A-4ECB-939A-720647B9F0DD}.Debug|Any CPU.Build.0 = Debug|Any CPU
		{62823FBB-9F5A-4ECB-939A-720647B9F0DD}.Release|Any CPU.ActiveCfg = Release|Any CPU
		{62823FBB-9F5A-4ECB-939A-720647B9F0DD}.Release|Any CPU.Build.0 = Release|Any CPU
	EndGlobalSection
	GlobalSection(SolutionProperties) = preSolution
		HideSolutionNode = FALSE
	EndGlobalSection
	GlobalSection(NestedProjects) = preSolution
		{F66626F8-A876-4F81-B09B-65D23FA6EBE1} = {929B6477-8E37-48AC-A353-9B81FD0E1164}
		{48FA44CC-DD64-4F7F-B8EE-E07CA76BC066} = {F66626F8-A876-4F81-B09B-65D23FA6EBE1}
		{AB6D4B81-831B-4090-9661-2517D0FB2E1E} = {929B6477-8E37-48AC-A353-9B81FD0E1164}
		{F0B50288-C0DD-4332-926E-599D4DC50F9B} = {929B6477-8E37-48AC-A353-9B81FD0E1164}
		{9735FAAE-0E4B-430F-8705-B33DA35992F3} = {929B6477-8E37-48AC-A353-9B81FD0E1164}
		{1EE4D512-214F-4927-B4B8-320F5497E128} = {F0B50288-C0DD-4332-926E-599D4DC50F9B}
		{F35FF9C7-60A8-4048-AFD5-D1410674AF0F} = {9735FAAE-0E4B-430F-8705-B33DA35992F3}
		{28FC7E94-FCD8-4478-83CB-7CBC30CD23F7} = {F35FF9C7-60A8-4048-AFD5-D1410674AF0F}
		{AD844487-C54B-4FFD-BB34-D5B10B9AE383} = {AB6D4B81-831B-4090-9661-2517D0FB2E1E}
		{4C193E59-AAC7-4D4D-B9DF-FF18D65DE154} = {AB6D4B81-831B-4090-9661-2517D0FB2E1E}
		{716A3422-EC1C-4A79-890C-9B60C21DFCF0} = {AB6D4B81-831B-4090-9661-2517D0FB2E1E}
		{7D3A2F0E-AD6A-4EB5-921F-19CABACDC651} = {1EE4D512-214F-4927-B4B8-320F5497E128}
		{62823FBB-9F5A-4ECB-939A-720647B9F0DD} = {F0B50288-C0DD-4332-926E-599D4DC50F9B}
	EndGlobalSection
	GlobalSection(ExtensibilityGlobals) = postSolution
		SolutionGuid = {34C30BE6-1DD6-4453-927C-46B8A307505C}
	EndGlobalSection
EndGlobal
